// !$*UTF8*$!
{
	archiveVersion = 1;
	classes = {
	};
	objectVersion = 48;
	objects = {

/* Begin PBXBuildFile section */
		224765A51FBF15C50066D395 /* AppDelegate.swift in Sources */ = {isa = PBXBuildFile; fileRef = 224765A41FBF15C50066D395 /* AppDelegate.swift */; };
		224765A71FBF15C50066D395 /* ViewController.swift in Sources */ = {isa = PBXBuildFile; fileRef = 224765A61FBF15C50066D395 /* ViewController.swift */; };
		224765AA1FBF15C50066D395 /* Main.storyboard in Resources */ = {isa = PBXBuildFile; fileRef = 224765A81FBF15C50066D395 /* Main.storyboard */; };
		224765AC1FBF15C50066D395 /* Assets.xcassets in Resources */ = {isa = PBXBuildFile; fileRef = 224765AB1FBF15C50066D395 /* Assets.xcassets */; };
		224765AF1FBF15C50066D395 /* LaunchScreen.storyboard in Resources */ = {isa = PBXBuildFile; fileRef = 224765AD1FBF15C50066D395 /* LaunchScreen.storyboard */; };
		43EEE3EA1FBF227D0021F239 /* DetailViewController.swift in Sources */ = {isa = PBXBuildFile; fileRef = 43EEE3E91FBF227D0021F239 /* DetailViewController.swift */; };
		43EEE3EC1FBF26A60021F239 /* CustomTableViewCell.swift in Sources */ = {isa = PBXBuildFile; fileRef = 43EEE3EB1FBF26A60021F239 /* CustomTableViewCell.swift */; };
/* End PBXBuildFile section */

/* Begin PBXFileReference section */
		224765A11FBF15C50066D395 /* AutumnWorkspace.app */ = {isa = PBXFileReference; explicitFileType = wrapper.application; includeInIndex = 0; path = AutumnWorkspace.app; sourceTree = BUILT_PRODUCTS_DIR; };
		224765A41FBF15C50066D395 /* AppDelegate.swift */ = {isa = PBXFileReference; lastKnownFileType = sourcecode.swift; path = AppDelegate.swift; sourceTree = "<group>"; };
		224765A61FBF15C50066D395 /* ViewController.swift */ = {isa = PBXFileReference; lastKnownFileType = sourcecode.swift; path = ViewController.swift; sourceTree = "<group>"; };
		224765A91FBF15C50066D395 /* Base */ = {isa = PBXFileReference; lastKnownFileType = file.storyboard; name = Base; path = Base.lproj/Main.storyboard; sourceTree = "<group>"; };
		224765AB1FBF15C50066D395 /* Assets.xcassets */ = {isa = PBXFileReference; lastKnownFileType = folder.assetcatalog; path = Assets.xcassets; sourceTree = "<group>"; };
		224765AE1FBF15C50066D395 /* Base */ = {isa = PBXFileReference; lastKnownFileType = file.storyboard; name = Base; path = Base.lproj/LaunchScreen.storyboard; sourceTree = "<group>"; };
		224765B01FBF15C50066D395 /* Info.plist */ = {isa = PBXFileReference; lastKnownFileType = text.plist.xml; path = Info.plist; sourceTree = "<group>"; };
		43EEE3E91FBF227D0021F239 /* DetailViewController.swift */ = {isa = PBXFileReference; lastKnownFileType = sourcecode.swift; path = DetailViewController.swift; sourceTree = "<group>"; };
		43EEE3EB1FBF26A60021F239 /* CustomTableViewCell.swift */ = {isa = PBXFileReference; lastKnownFileType = sourcecode.swift; path = CustomTableViewCell.swift; sourceTree = "<group>"; };
/* End PBXFileReference section */

/* Begin PBXFrameworksBuildPhase section */
		2247659E1FBF15C50066D395 /* Frameworks */ = {
			isa = PBXFrameworksBuildPhase;
			buildActionMask = 2147483647;
			files = (
			);
			runOnlyForDeploymentPostprocessing = 0;
		};
/* End PBXFrameworksBuildPhase section */

/* Begin PBXGroup section */
		224765981FBF15C50066D395 = {
			isa = PBXGroup;
			children = (
				224765A31FBF15C50066D395 /* AutumnWorkspace */,
				224765A21FBF15C50066D395 /* Products */,
			);
			sourceTree = "<group>";
		};
		224765A21FBF15C50066D395 /* Products */ = {
			isa = PBXGroup;
			children = (
				224765A11FBF15C50066D395 /* AutumnWorkspace.app */,
			);
			name = Products;
			sourceTree = "<group>";
		};
		224765A31FBF15C50066D395 /* AutumnWorkspace */ = {
			isa = PBXGroup;
			children = (
				224765B01FBF15C50066D395 /* Info.plist */,
				224765AB1FBF15C50066D395 /* Assets.xcassets */,
				224765A41FBF15C50066D395 /* AppDelegate.swift */,
				224765B61FBF15D20066D395 /* Storyboard */,
				224765A61FBF15C50066D395 /* ViewController.swift */,
				43EEE3E91FBF227D0021F239 /* DetailViewController.swift */,
			);
			path = AutumnWorkspace;
			sourceTree = "<group>";
		};
		224765B61FBF15D20066D395 /* Storyboard */ = {
			isa = PBXGroup;
			children = (
				224765AD1FBF15C50066D395 /* LaunchScreen.storyboard */,
				224765A81FBF15C50066D395 /* Main.storyboard */,
				43EEE3EB1FBF26A60021F239 /* CustomTableViewCell.swift */,
			);
			path = Storyboard;
			sourceTree = "<group>";
		};
/* End PBXGroup section */

/* Begin PBXNativeTarget section */
		224765A01FBF15C50066D395 /* AutumnWorkspace */ = {
			isa = PBXNativeTarget;
			buildConfigurationList = 224765B31FBF15C50066D395 /* Build configuration list for PBXNativeTarget "AutumnWorkspace" */;
			buildPhases = (
				2247659D1FBF15C50066D395 /* Sources */,
				2247659E1FBF15C50066D395 /* Frameworks */,
				2247659F1FBF15C50066D395 /* Resources */,
			);
			buildRules = (
			);
			dependencies = (
			);
			name = AutumnWorkspace;
			productName = AutumnWorkspace;
			productReference = 224765A11FBF15C50066D395 /* AutumnWorkspace.app */;
			productType = "com.apple.product-type.application";
		};
/* End PBXNativeTarget section */

/* Begin PBXProject section */
		224765991FBF15C50066D395 /* Project object */ = {
			isa = PBXProject;
			attributes = {
				LastSwiftUpdateCheck = 0900;
				LastUpgradeCheck = 0900;
				ORGANIZATIONNAME = "Thang Phan";
				TargetAttributes = {
					224765A01FBF15C50066D395 = {
						CreatedOnToolsVersion = 9.0;
						ProvisioningStyle = Automatic;
					};
				};
			};
			buildConfigurationList = 2247659C1FBF15C50066D395 /* Build configuration list for PBXProject "AutumnWorkspace" */;
			compatibilityVersion = "Xcode 8.0";
			developmentRegion = en;
			hasScannedForEncodings = 0;
			knownRegions = (
				en,
				Base,
			);
			mainGroup = 224765981FBF15C50066D395;
			productRefGroup = 224765A21FBF15C50066D395 /* Products */;
			projectDirPath = "";
			projectRoot = "";
			targets = (
				224765A01FBF15C50066D395 /* AutumnWorkspace */,
			);
		};
/* End PBXProject section */

/* Begin PBXResourcesBuildPhase section */
		2247659F1FBF15C50066D395 /* Resources */ = {
			isa = PBXResourcesBuildPhase;
			buildActionMask = 2147483647;
			files = (
				224765AF1FBF15C50066D395 /* LaunchScreen.storyboard in Resources */,
				224765AC1FBF15C50066D395 /* Assets.xcassets in Resources */,
				224765AA1FBF15C50066D395 /* Main.storyboard in Resources */,
			);
			runOnlyForDeploymentPostprocessing = 0;
		};
/* End PBXResourcesBuildPhase section */

/* Begin PBXSourcesBuildPhase section */
		2247659D1FBF15C50066D395 /* Sources */ = {
			isa = PBXSourcesBuildPhase;
			buildActionMask = 2147483647;
			files = (
				43EEE3EA1FBF227D0021F239 /* DetailViewController.swift in Sources */,
				224765A71FBF15C50066D395 /* ViewController.swift in Sources */,
				43EEE3EC1FBF26A60021F239 /* CustomTableViewCell.swift in Sources */,
				224765A51FBF15C50066D395 /* AppDelegate.swift in Sources */,
			);
			runOnlyForDeploymentPostprocessing = 0;
		};
/* End PBXSourcesBuildPhase section */

/* Begin PBXVariantGroup section */
		224765A81FBF15C50066D395 /* Main.storyboard */ = {
			isa = PBXVariantGroup;
			children = (
				224765A91FBF15C50066D395 /* Base */,
			);
			name = Main.storyboard;
			sourceTree = "<group>";
		};
		224765AD1FBF15C50066D395 /* LaunchScreen.storyboard */ = {
			isa = PBXVariantGroup;
			children = (
				224765AE1FBF15C50066D395 /* Base */,
			);
			name = LaunchScreen.storyboard;
			sourceTree = "<group>";
		};
/* End PBXVariantGroup section */

/* Begin XCBuildConfiguration section */
		224765B11FBF15C50066D395 /* Debug */ = {
			isa = XCBuildConfiguration;
			buildSettings = {
				ALWAYS_SEARCH_USER_PATHS = NO;
				CLANG_ANALYZER_NONNULL = YES;
				CLANG_ANALYZER_NUMBER_OBJECT_CONVERSION = YES_AGGRESSIVE;
				CLANG_CXX_LANGUAGE_STANDARD = "gnu++14";
				CLANG_CXX_LIBRARY = "libc++";
				CLANG_ENABLE_MODULES = YES;
				CLANG_ENABLE_OBJC_ARC = YES;
				CLANG_WARN_BLOCK_CAPTURE_AUTORELEASING = YES;
				CLANG_WARN_BOOL_CONVERSION = YES;
				CLANG_WARN_COMMA = YES;
				CLANG_WARN_CONSTANT_CONVERSION = YES;
				CLANG_WARN_DIRECT_OBJC_ISA_USAGE = YES_ERROR;
				CLANG_WARN_DOCUMENTATION_COMMENTS = YES;
				CLANG_WARN_EMPTY_BODY = YES;
				CLANG_WARN_ENUM_CONVERSION = YES;
				CLANG_WARN_INFINITE_RECURSION = YES;
				CLANG_WARN_INT_CONVERSION = YES;
				CLANG_WARN_NON_LITERAL_NULL_CONVERSION = YES;
				CLANG_WARN_OBJC_LITERAL_CONVERSION = YES;
				CLANG_WARN_OBJC_ROOT_CLASS = YES_ERROR;
				CLANG_WARN_RANGE_LOOP_ANALYSIS = YES;
				CLANG_WARN_STRICT_PROTOTYPES = YES;
				CLANG_WARN_SUSPICIOUS_MOVE = YES;
				CLANG_WARN_UNGUARDED_AVAILABILITY = YES_AGGRESSIVE;
				CLANG_WARN_UNREACHABLE_CODE = YES;
				CLANG_WARN__DUPLICATE_METHOD_MATCH = YES;
				CODE_SIGN_IDENTITY = "iPhone Developer";
				COPY_PHASE_STRIP = NO;
				DEBUG_INFORMATION_FORMAT = dwarf;
				ENABLE_STRICT_OBJC_MSGSEND = YES;
				ENABLE_TESTABILITY = YES;
				GCC_C_LANGUAGE_STANDARD = gnu11;
				GCC_DYNAMIC_NO_PIC = NO;
				GCC_NO_COMMON_BLOCKS = YES;
				GCC_OPTIMIZATION_LEVEL = 0;
				GCC_PREPROCESSOR_DEFINITIONS = (
					"DEBUG=1",
					"$(inherited)",
				);
				GCC_WARN_64_TO_32_BIT_CONVERSION = YES;
				GCC_WARN_ABOUT_RETURN_TYPE = YES_ERROR;
				GCC_WARN_UNDECLARED_SELECTOR = YES;
				GCC_WARN_UNINITIALIZED_AUTOS = YES_AGGRESSIVE;
				GCC_WARN_UNUSED_FUNCTION = YES;
				GCC_WARN_UNUSED_VARIABLE = YES;
				IPHONEOS_DEPLOYMENT_TARGET = 11.0;
				MTL_ENABLE_DEBUG_INFO = YES;
				ONLY_ACTIVE_ARCH = YES;
				SDKROOT = iphoneos;
				SWIFT_ACTIVE_COMPILATION_CONDITIONS = DEBUG;
				SWIFT_OPTIMIZATION_LEVEL = "-Onone";
			};
			name = Debug;
		};
		224765B21FBF15C50066D395 /* Release */ = {
			isa = XCBuildConfiguration;
			buildSettings = {
				ALWAYS_SEARCH_USER_PATHS = NO;
				CLANG_ANALYZER_NONNULL = YES;
				CLANG_ANALYZER_NUMBER_OBJECT_CONVERSION = YES_AGGRESSIVE;
				CLANG_CXX_LANGUAGE_STANDARD = "gnu++14";
				CLANG_CXX_LIBRARY = "libc++";
				CLANG_ENABLE_MODULES = YES;
				CLANG_ENABLE_OBJC_ARC = YES;
				CLANG_WARN_BLOCK_CAPTURE_AUTORELEASING = YES;
				CLANG_WARN_BOOL_CONVERSION = YES;
				CLANG_WARN_COMMA = YES;
				CLANG_WARN_CONSTANT_CONVERSION = YES;
				CLANG_WARN_DIRECT_OBJC_ISA_USAGE = YES_ERROR;
				CLANG_WARN_DOCUMENTATION_COMMENTS = YES;
				CLANG_WARN_EMPTY_BODY = YES;
				CLANG_WARN_ENUM_CONVERSION = YES;
				CLANG_WARN_INFINITE_RECURSION = YES;
				CLANG_WARN_INT_CONVERSION = YES;
				CLANG_WARN_NON_LITERAL_NULL_CONVERSION = YES;
				CLANG_WARN_OBJC_LITERAL_CONVERSION = YES;
				CLANG_WARN_OBJC_ROOT_CLASS = YES_ERROR;
				CLANG_WARN_RANGE_LOOP_ANALYSIS = YES;
				CLANG_WARN_STRICT_PROTOTYPES = YES;
				CLANG_WARN_SUSPICIOUS_MOVE = YES;
				CLANG_WARN_UNGUARDED_AVAILABILITY = YES_AGGRESSIVE;
				CLANG_WARN_UNREACHABLE_CODE = YES;
				CLANG_WARN__DUPLICATE_METHOD_MATCH = YES;
				CODE_SIGN_IDENTITY = "iPhone Developer";
				COPY_PHASE_STRIP = NO;
				DEBUG_INFORMATION_FORMAT = "dwarf-with-dsym";
				ENABLE_NS_ASSERTIONS = NO;
				ENABLE_STRICT_OBJC_MSGSEND = YES;
				GCC_C_LANGUAGE_STANDARD = gnu11;
				GCC_NO_COMMON_BLOCKS = YES;
				GCC_WARN_64_TO_32_BIT_CONVERSION = YES;
				GCC_WARN_ABOUT_RETURN_TYPE = YES_ERROR;
				GCC_WARN_UNDECLARED_SELECTOR = YES;
				GCC_WARN_UNINITIALIZED_AUTOS = YES_AGGRESSIVE;
				GCC_WARN_UNUSED_FUNCTION = YES;
				GCC_WARN_UNUSED_VARIABLE = YES;
				IPHONEOS_DEPLOYMENT_TARGET = 11.0;
				MTL_ENABLE_DEBUG_INFO = NO;
				SDKROOT = iphoneos;
				SWIFT_OPTIMIZATION_LEVEL = "-Owholemodule";
				VALIDATE_PRODUCT = YES;
			};
			name = Release;
		};
		224765B41FBF15C50066D395 /* Debug */ = {
			isa = XCBuildConfiguration;
			buildSettings = {
				ASSETCATALOG_COMPILER_APPICON_NAME = AppIcon;
				CODE_SIGN_STYLE = Automatic;
				DEVELOPMENT_TEAM = 5Y4FR98K2W;
				INFOPLIST_FILE = AutumnWorkspace/Info.plist;
				LD_RUNPATH_SEARCH_PATHS = "$(inherited) @executable_path/Frameworks";
				PRODUCT_BUNDLE_IDENTIFIER = com.ThangPH2.AutumnWorkspace;
				PRODUCT_NAME = "$(TARGET_NAME)";
				SWIFT_VERSION = 4.0;
				TARGETED_DEVICE_FAMILY = "1,2";
			};
			name = Debug;
		};
		224765B51FBF15C50066D395 /* Release */ = {
			isa = XCBuildConfiguration;
			buildSettings = {
				ASSETCATALOG_COMPILER_APPICON_NAME = AppIcon;
				CODE_SIGN_STYLE = Automatic;
				DEVELOPMENT_TEAM = 5Y4FR98K2W;
				INFOPLIST_FILE = AutumnWorkspace/Info.plist;
				LD_RUNPATH_SEARCH_PATHS = "$(inherited) @executable_path/Frameworks";
				PRODUCT_BUNDLE_IDENTIFIER = com.ThangPH2.AutumnWorkspace;
				PRODUCT_NAME = "$(TARGET_NAME)";
				SWIFT_VERSION = 4.0;
				TARGETED_DEVICE_FAMILY = "1,2";
			};
			name = Release;
		};
/* End XCBuildConfiguration section */

/* Begin XCConfigurationList section */
		2247659C1FBF15C50066D395 /* Build configuration list for PBXProject "AutumnWorkspace" */ = {
			isa = XCConfigurationList;
			buildConfigurations = (
				224765B11FBF15C50066D395 /* Debug */,
				224765B21FBF15C50066D395 /* Release */,
			);
			defaultConfigurationIsVisible = 0;
			defaultConfigurationName = Release;
		};
		224765B31FBF15C50066D395 /* Build configuration list for PBXNativeTarget "AutumnWorkspace" */ = {
			isa = XCConfigurationList;
			buildConfigurations = (
				224765B41FBF15C50066D395 /* Debug */,
				224765B51FBF15C50066D395 /* Release */,
			);
			defaultConfigurationIsVisible = 0;
			defaultConfigurationName = Release;
		};
/* End XCConfigurationList section */
	};
	rootObject = 224765991FBF15C50066D395 /* Project object */;
}
